
Microsoft Visual Studio Solution File, Format Version 12.00
# Visual Studio Version 17
VisualStudioVersion = 17.0.32126.317
MinimumVisualStudioVersion = 10.0.40219.1
Project("{FAE04EC0-301F-11D3-BF4B-00C04F79EFBC}") = "Console_Client", "Console_Client\Console_Client.csproj", "{3A7BAF56-99A6-40DA-A0A5-FD3483D4C88A}"
EndProject
Global
	GlobalSection(SolutionConfigurationPlatforms) = preSolution
		Debug|Any CPU = Debug|Any CPU
		Release|Any CPU = Release|Any CPU
	EndGlobalSection
	GlobalSection(ProjectConfigurationPlatforms) = postSolution
		{3A7BAF56-99A6-40DA-A0A5-FD3483D4C88A}.Debug|Any CPU.ActiveCfg = Debug|Any CPU
		{3A7BAF56-99A6-40DA-A0A5-FD3483D4C88A}.Debug|Any CPU.Build.0 = Debug|Any CPU
		{3A7BAF56-99A6-40DA-A0A5-FD3483D4C88A}.Release|Any CPU.ActiveCfg = Release|Any CPU
		{3A7BAF56-99A6-40DA-A0A5-FD3483D4C88A}.Release|Any CPU.Build.0 = Release|Any CPU
	EndGlobalSection
	GlobalSection(SolutionProperties) = preSolution
		HideSolutionNode = FALSE
	EndGlobalSection
	GlobalSection(ExtensibilityGlobals) = postSolution
		SolutionGuid = {5412E79E-6F64-4BFA-8753-0A147B8C6E39}
	EndGlobalSection
EndGlobal
